
Microsoft Visual Studio Solution File, Format Version 12.00
# Visual Studio Version 17
VisualStudioVersion = 17.9.34728.123
MinimumVisualStudioVersion = 10.0.40219.1
Project("{FAE04EC0-301F-11D3-BF4B-00C04F79EFBC}") = "PP_Lab6_C#", "PP_Lab6_C#\PP_Lab6_C#.csproj", "{860CA7E5-D0E8-4AA2-BC35-367B793202D9}"
EndProject
Global
	GlobalSection(SolutionConfigurationPlatforms) = preSolution
		Debug|Any CPU = Debug|Any CPU
		Release|Any CPU = Release|Any CPU
	EndGlobalSection
	GlobalSection(ProjectConfigurationPlatforms) = postSolution
		{860CA7E5-D0E8-4AA2-BC35-367B793202D9}.Debug|Any CPU.ActiveCfg = Debug|Any CPU
		{860CA7E5-D0E8-4AA2-BC35-367B793202D9}.Debug|Any CPU.Build.0 = Debug|Any CPU
		{860CA7E5-D0E8-4AA2-BC35-367B793202D9}.Release|Any CPU.ActiveCfg = Release|Any CPU
		{860CA7E5-D0E8-4AA2-BC35-367B793202D9}.Release|Any CPU.Build.0 = Release|Any CPU
	EndGlobalSection
	GlobalSection(SolutionProperties) = preSolution
		HideSolutionNode = FALSE
	EndGlobalSection
	GlobalSection(ExtensibilityGlobals) = postSolution
		SolutionGuid = {9B2397AC-7B5B-4212-A173-442A9413DD84}
	EndGlobalSection
EndGlobal
